{
  "name": "fpjs-native-controls",
  "lockfileVersion": 3,
  "requires": true,
  "packages": {
    "": {
      "name": "fpjs-native-controls",
      "dependencies": {
        "@fingerprintjs/fingerprintjs": "5.2.0"
      }
    },
    "node_modules/@fingerprintjs/fingerprintjs": {
      "version": "5.2.0",
      "resolved": "https://registry.npmjs.org/@fingerprintjs/fingerprintjs/-/fingerprintjs-5.2.0.tgz",
      "integrity": "sha512-j+2nInkwCQNTJcNhOjvkGM/nLRTuGJTC6xai4quqvUpjob2ssrGwBZjS7k55nOmKvge7qvJT2nS3i/IRvQSTQA==",
      "license": "MIT"
    }
  }
}
